
Microsoft Visual Studio Solution File, Format Version 12.00
# Visual Studio Version 17
VisualStudioVersion = 17.10.35004.147
MinimumVisualStudioVersion = 10.0.40219.1
Project("{FAE04EC0-301F-11D3-BF4B-00C04F79EFBC}") = "Lab07", "Lab07\Lab07.csproj", "{E852D553-FC6B-4D89-B403-C838AFCC0289}"
EndProject
Global
	GlobalSection(SolutionConfigurationPlatforms) = preSolution
		Debug|Any CPU = Debug|Any CPU
		Release|Any CPU = Release|Any CPU
	EndGlobalSection
	GlobalSection(ProjectConfigurationPlatforms) = postSolution
		{E852D553-FC6B-4D89-B403-C838AFCC0289}.Debug|Any CPU.ActiveCfg = Debug|Any CPU
		{E852D553-FC6B-4D89-B403-C838AFCC0289}.Debug|Any CPU.Build.0 = Debug|Any CPU
		{E852D553-FC6B-4D89-B403-C838AFCC0289}.Release|Any CPU.ActiveCfg = Release|Any CPU
		{E852D553-FC6B-4D89-B403-C838AFCC0289}.Release|Any CPU.Build.0 = Release|Any CPU
	EndGlobalSection
	GlobalSection(SolutionProperties) = preSolution
		HideSolutionNode = FALSE
	EndGlobalSection
	GlobalSection(ExtensibilityGlobals) = postSolution
		SolutionGuid = {F634C518-7CF4-4939-9F1A-348F8F56487F}
	EndGlobalSection
EndGlobal
